
Microsoft Visual Studio Solution File, Format Version 12.00
# Visual Studio Version 16
VisualStudioVersion = 16.0.28803.156
MinimumVisualStudioVersion = 10.0.40219.1
Project("{FAE04EC0-301F-11D3-BF4B-00C04F79EFBC}") = "CoreBotSample", "CoreBotSample.csproj", "{E4A93899-CA48-417C-AB6B-85EC3CD2F7C1}"
EndProject
Global
	GlobalSection(SolutionConfigurationPlatforms) = preSolution
		Debug|Any CPU = Debug|Any CPU
		Release|Any CPU = Release|Any CPU
	EndGlobalSection
	GlobalSection(ProjectConfigurationPlatforms) = postSolution
		{E4A93899-CA48-417C-AB6B-85EC3CD2F7C1}.Debug|Any CPU.ActiveCfg = Debug|Any CPU
		{E4A93899-CA48-417C-AB6B-85EC3CD2F7C1}.Debug|Any CPU.Build.0 = Debug|Any CPU
		{E4A93899-CA48-417C-AB6B-85EC3CD2F7C1}.Release|Any CPU.ActiveCfg = Release|Any CPU
		{E4A93899-CA48-417C-AB6B-85EC3CD2F7C1}.Release|Any CPU.Build.0 = Release|Any CPU
	EndGlobalSection
	GlobalSection(SolutionProperties) = preSolution
		HideSolutionNode = FALSE
	EndGlobalSection
	GlobalSection(ExtensibilityGlobals) = postSolution
		SolutionGuid = {337D72ED-07F9-43DC-8900-B95B83BC074F}
	EndGlobalSection
EndGlobal
